<Solution>
  <Folder Name="/benchmarks/">
    <Project Path="benchmarks/ProTextBlock.Benchmarks/ProTextBlock.Benchmarks.csproj" />
  </Folder>
  <Folder Name="/samples/">
    <Project Path="samples/ProTextBlock.Sample/ProTextBlock.Sample.csproj" />
  </Folder>
  <Folder Name="/src/">
    <Project Path="src/ProTextBlock/ProTextBlock.csproj" />
  </Folder>
  <Folder Name="/tests/">
    <Project Path="tests/ProTextBlock.Tests/ProTextBlock.Tests.csproj" />
  </Folder>
</Solution>
